
Microsoft Visual Studio Solution File, Format Version 12.00
# Visual Studio Version 16
VisualStudioVersion = 16.0.31424.327
MinimumVisualStudioVersion = 10.0.40219.1
Project("{9A19103F-16F7-4668-BE54-9A1E7A4F7556}") = "Day1.Lab1", "Day1\Day1.Lab1.csproj", "{4886E755-FF8B-4BDD-8E36-ABC562855F5A}"
EndProject
Project("{9A19103F-16F7-4668-BE54-9A1E7A4F7556}") = "Day1.Lab2", "..\Day1.Lab2\Day1.Lab2\Day1.Lab2.csproj", "{100589B6-F32B-47C7-9825-50830326868C}"
EndProject
Global
	GlobalSection(SolutionConfigurationPlatforms) = preSolution
		Debug|Any CPU = Debug|Any CPU
		Release|Any CPU = Release|Any CPU
	EndGlobalSection
	GlobalSection(ProjectConfigurationPlatforms) = postSolution
		{4886E755-FF8B-4BDD-8E36-ABC562855F5A}.Debug|Any CPU.ActiveCfg = Debug|Any CPU
		{4886E755-FF8B-4BDD-8E36-ABC562855F5A}.Debug|Any CPU.Build.0 = Debug|Any CPU
		{4886E755-FF8B-4BDD-8E36-ABC562855F5A}.Release|Any CPU.ActiveCfg = Release|Any CPU
		{4886E755-FF8B-4BDD-8E36-ABC562855F5A}.Release|Any CPU.Build.0 = Release|Any CPU
		{100589B6-F32B-47C7-9825-50830326868C}.Debug|Any CPU.ActiveCfg = Debug|Any CPU
		{100589B6-F32B-47C7-9825-50830326868C}.Debug|Any CPU.Build.0 = Debug|Any CPU
		{100589B6-F32B-47C7-9825-50830326868C}.Release|Any CPU.ActiveCfg = Release|Any CPU
		{100589B6-F32B-47C7-9825-50830326868C}.Release|Any CPU.Build.0 = Release|Any CPU
	EndGlobalSection
	GlobalSection(SolutionProperties) = preSolution
		HideSolutionNode = FALSE
	EndGlobalSection
	GlobalSection(ExtensibilityGlobals) = postSolution
		SolutionGuid = {0DE49130-61AD-444B-8E97-5EFC1CBC553E}
	EndGlobalSection
EndGlobal
